
Microsoft Visual Studio Solution File, Format Version 12.00
# Visual Studio Version 16
VisualStudioVersion = 16.0.30114.105
MinimumVisualStudioVersion = 10.0.40219.1
Project("{FAE04EC0-301F-11D3-BF4B-00C04F79EFBC}") = "Band Web", "Band Web.csproj", "{707B5BDF-D934-4BB3-B279-1B97664967DF}"
EndProject
Project("{FAE04EC0-301F-11D3-BF4B-00C04F79EFBC}") = "Band Web.Tests", "..\Band Web.Tests\Band Web.Tests.csproj", "{97E1A808-FD76-4811-A901-812415A43741}"
EndProject
Project("{9A19103F-16F7-4668-BE54-9A1E7A4F7556}") = "ClassLibrary", "..\ClassLibrary\ClassLibrary.csproj", "{4B4CCBE8-A6DB-41C4-B47A-2E092F802EE2}"
EndProject
Project("{FAE04EC0-301F-11D3-BF4B-00C04F79EFBC}") = "ClassLibraryTests", "..\ClassLibraryTests\ClassLibraryTests.csproj", "{1B49E8ED-2C49-46D8-9583-F3D0FD3BEEB8}"
EndProject
Global
	GlobalSection(SolutionConfigurationPlatforms) = preSolution
		Debug|Any CPU = Debug|Any CPU
		Debug|ARM = Debug|ARM
		Debug|ARM64 = Debug|ARM64
		Debug|x64 = Debug|x64
		Debug|x86 = Debug|x86
		Release|Any CPU = Release|Any CPU
		Release|ARM = Release|ARM
		Release|ARM64 = Release|ARM64
		Release|x64 = Release|x64
		Release|x86 = Release|x86
	EndGlobalSection
	GlobalSection(ProjectConfigurationPlatforms) = postSolution
		{707B5BDF-D934-4BB3-B279-1B97664967DF}.Debug|Any CPU.ActiveCfg = Debug|Any CPU
		{707B5BDF-D934-4BB3-B279-1B97664967DF}.Debug|Any CPU.Build.0 = Debug|Any CPU
		{707B5BDF-D934-4BB3-B279-1B97664967DF}.Debug|ARM.ActiveCfg = Debug|Any CPU
		{707B5BDF-D934-4BB3-B279-1B97664967DF}.Debug|ARM.Build.0 = Debug|Any CPU
		{707B5BDF-D934-4BB3-B279-1B97664967DF}.Debug|ARM64.ActiveCfg = Debug|Any CPU
		{707B5BDF-D934-4BB3-B279-1B97664967DF}.Debug|ARM64.Build.0 = Debug|Any CPU
		{707B5BDF-D934-4BB3-B279-1B97664967DF}.Debug|x64.ActiveCfg = Debug|Any CPU
		{707B5BDF-D934-4BB3-B279-1B97664967DF}.Debug|x64.Build.0 = Debug|Any CPU
		{707B5BDF-D934-4BB3-B279-1B97664967DF}.Debug|x86.ActiveCfg = Debug|Any CPU
		{707B5BDF-D934-4BB3-B279-1B97664967DF}.Debug|x86.Build.0 = Debug|Any CPU
		{707B5BDF-D934-4BB3-B279-1B97664967DF}.Release|Any CPU.ActiveCfg = Release|Any CPU
		{707B5BDF-D934-4BB3-B279-1B97664967DF}.Release|Any CPU.Build.0 = Release|Any CPU
		{707B5BDF-D934-4BB3-B279-1B97664967DF}.Release|ARM.ActiveCfg = Release|Any CPU
		{707B5BDF-D934-4BB3-B279-1B97664967DF}.Release|ARM.Build.0 = Release|Any CPU
		{707B5BDF-D934-4BB3-B279-1B97664967DF}.Release|ARM64.ActiveCfg = Release|Any CPU
		{707B5BDF-D934-4BB3-B279-1B97664967DF}.Release|ARM64.Build.0 = Release|Any CPU
		{707B5BDF-D934-4BB3-B279-1B97664967DF}.Release|x64.ActiveCfg = Release|Any CPU
		{707B5BDF-D934-4BB3-B279-1B97664967DF}.Release|x64.Build.0 = Release|Any CPU
		{707B5BDF-D934-4BB3-B279-1B97664967DF}.Release|x86.ActiveCfg = Release|Any CPU
		{707B5BDF-D934-4BB3-B279-1B97664967DF}.Release|x86.Build.0 = Release|Any CPU
		{97E1A808-FD76-4811-A901-812415A43741}.Debug|Any CPU.ActiveCfg = Debug|Any CPU
		{97E1A808-FD76-4811-A901-812415A43741}.Debug|Any CPU.Build.0 = Debug|Any CPU
		{97E1A808-FD76-4811-A901-812415A43741}.Debug|ARM.ActiveCfg = Debug|Any CPU
		{97E1A808-FD76-4811-A901-812415A43741}.Debug|ARM.Build.0 = Debug|Any CPU
		{97E1A808-FD76-4811-A901-812415A43741}.Debug|ARM64.ActiveCfg = Debug|Any CPU
		{97E1A808-FD76-4811-A901-812415A43741}.Debug|ARM64.Build.0 = Debug|Any CPU
		{97E1A808-FD76-4811-A901-812415A43741}.Debug|x64.ActiveCfg = Debug|Any CPU
		{97E1A808-FD76-4811-A901-812415A43741}.Debug|x64.Build.0 = Debug|Any CPU
		{97E1A808-FD76-4811-A901-812415A43741}.Debug|x86.ActiveCfg = Debug|Any CPU
		{97E1A808-FD76-4811-A901-812415A43741}.Debug|x86.Build.0 = Debug|Any CPU
		{97E1A808-FD76-4811-A901-812415A43741}.Release|Any CPU.ActiveCfg = Release|Any CPU
		{97E1A808-FD76-4811-A901-812415A43741}.Release|Any CPU.Build.0 = Release|Any CPU
		{97E1A808-FD76-4811-A901-812415A43741}.Release|ARM.ActiveCfg = Release|Any CPU
		{97E1A808-FD76-4811-A901-812415A43741}.Release|ARM.Build.0 = Release|Any CPU
		{97E1A808-FD76-4811-A901-812415A43741}.Release|ARM64.ActiveCfg = Release|Any CPU
		{97E1A808-FD76-4811-A901-812415A43741}.Release|ARM64.Build.0 = Release|Any CPU
		{97E1A808-FD76-4811-A901-812415A43741}.Release|x64.ActiveCfg = Release|Any CPU
		{97E1A808-FD76-4811-A901-812415A43741}.Release|x64.Build.0 = Release|Any CPU
		{97E1A808-FD76-4811-A901-812415A43741}.Release|x86.ActiveCfg = Release|Any CPU
		{97E1A808-FD76-4811-A901-812415A43741}.Release|x86.Build.0 = Release|Any CPU
		{4B4CCBE8-A6DB-41C4-B47A-2E092F802EE2}.Debug|Any CPU.ActiveCfg = Debug|Any CPU
		{4B4CCBE8-A6DB-41C4-B47A-2E092F802EE2}.Debug|Any CPU.Build.0 = Debug|Any CPU
		{4B4CCBE8-A6DB-41C4-B47A-2E092F802EE2}.Debug|ARM.ActiveCfg = Debug|Any CPU
		{4B4CCBE8-A6DB-41C4-B47A-2E092F802EE2}.Debug|ARM.Build.0 = Debug|Any CPU
		{4B4CCBE8-A6DB-41C4-B47A-2E092F802EE2}.Debug|ARM64.ActiveCfg = Debug|Any CPU
		{4B4CCBE8-A6DB-41C4-B47A-2E092F802EE2}.Debug|ARM64.Build.0 = Debug|Any CPU
		{4B4CCBE8-A6DB-41C4-B47A-2E092F802EE2}.Debug|x64.ActiveCfg = Debug|Any CPU
		{4B4CCBE8-A6DB-41C4-B47A-2E092F802EE2}.Debug|x64.Build.0 = Debug|Any CPU
		{4B4CCBE8-A6DB-41C4-B47A-2E092F802EE2}.Debug|x86.ActiveCfg = Debug|Any CPU
		{4B4CCBE8-A6DB-41C4-B47A-2E092F802EE2}.Debug|x86.Build.0 = Debug|Any CPU
		{4B4CCBE8-A6DB-41C4-B47A-2E092F802EE2}.Release|Any CPU.ActiveCfg = Release|Any CPU
		{4B4CCBE8-A6DB-41C4-B47A-2E092F802EE2}.Release|Any CPU.Build.0 = Release|Any CPU
		{4B4CCBE8-A6DB-41C4-B47A-2E092F802EE2}.Release|ARM.ActiveCfg = Release|Any CPU
		{4B4CCBE8-A6DB-41C4-B47A-2E092F802EE2}.Release|ARM.Build.0 = Release|Any CPU
		{4B4CCBE8-A6DB-41C4-B47A-2E092F802EE2}.Release|ARM64.ActiveCfg = Release|Any CPU
		{4B4CCBE8-A6DB-41C4-B47A-2E092F802EE2}.Release|ARM64.Build.0 = Release|Any CPU
		{4B4CCBE8-A6DB-41C4-B47A-2E092F802EE2}.Release|x64.ActiveCfg = Release|Any CPU
		{4B4CCBE8-A6DB-41C4-B47A-2E092F802EE2}.Release|x64.Build.0 = Release|Any CPU
		{4B4CCBE8-A6DB-41C4-B47A-2E092F802EE2}.Release|x86.ActiveCfg = Release|Any CPU
		{4B4CCBE8-A6DB-41C4-B47A-2E092F802EE2}.Release|x86.Build.0 = Release|Any CPU
		{1B49E8ED-2C49-46D8-9583-F3D0FD3BEEB8}.Debug|Any CPU.ActiveCfg = Debug|Any CPU
		{1B49E8ED-2C49-46D8-9583-F3D0FD3BEEB8}.Debug|Any CPU.Build.0 = Debug|Any CPU
		{1B49E8ED-2C49-46D8-9583-F3D0FD3BEEB8}.Debug|ARM.ActiveCfg = Debug|Any CPU
		{1B49E8ED-2C49-46D8-9583-F3D0FD3BEEB8}.Debug|ARM.Build.0 = Debug|Any CPU
		{1B49E8ED-2C49-46D8-9583-F3D0FD3BEEB8}.Debug|ARM64.ActiveCfg = Debug|Any CPU
		{1B49E8ED-2C49-46D8-9583-F3D0FD3BEEB8}.Debug|ARM64.Build.0 = Debug|Any CPU
		{1B49E8ED-2C49-46D8-9583-F3D0FD3BEEB8}.Debug|x64.ActiveCfg = Debug|Any CPU
		{1B49E8ED-2C49-46D8-9583-F3D0FD3BEEB8}.Debug|x64.Build.0 = Debug|Any CPU
		{1B49E8ED-2C49-46D8-9583-F3D0FD3BEEB8}.Debug|x86.ActiveCfg = Debug|Any CPU
		{1B49E8ED-2C49-46D8-9583-F3D0FD3BEEB8}.Debug|x86.Build.0 = Debug|Any CPU
		{1B49E8ED-2C49-46D8-9583-F3D0FD3BEEB8}.Release|Any CPU.ActiveCfg = Release|Any CPU
		{1B49E8ED-2C49-46D8-9583-F3D0FD3BEEB8}.Release|Any CPU.Build.0 = Release|Any CPU
		{1B49E8ED-2C49-46D8-9583-F3D0FD3BEEB8}.Release|ARM.ActiveCfg = Release|Any CPU
		{1B49E8ED-2C49-46D8-9583-F3D0FD3BEEB8}.Release|ARM.Build.0 = Release|Any CPU
		{1B49E8ED-2C49-46D8-9583-F3D0FD3BEEB8}.Release|ARM64.ActiveCfg = Release|Any CPU
		{1B49E8ED-2C49-46D8-9583-F3D0FD3BEEB8}.Release|ARM64.Build.0 = Release|Any CPU
		{1B49E8ED-2C49-46D8-9583-F3D0FD3BEEB8}.Release|x64.ActiveCfg = Release|Any CPU
		{1B49E8ED-2C49-46D8-9583-F3D0FD3BEEB8}.Release|x64.Build.0 = Release|Any CPU
		{1B49E8ED-2C49-46D8-9583-F3D0FD3BEEB8}.Release|x86.ActiveCfg = Release|Any CPU
		{1B49E8ED-2C49-46D8-9583-F3D0FD3BEEB8}.Release|x86.Build.0 = Release|Any CPU
	EndGlobalSection
	GlobalSection(SolutionProperties) = preSolution
		HideSolutionNode = FALSE
	EndGlobalSection
	GlobalSection(ExtensibilityGlobals) = postSolution
		SolutionGuid = {CEDD2336-05EE-44D4-92DF-9D444FDD8F5B}
	EndGlobalSection
EndGlobal
